
Microsoft Visual Studio Solution File, Format Version 12.00
# Visual Studio Version 17
VisualStudioVersion = 17.4.33205.214
MinimumVisualStudioVersion = 10.0.40219.1
Project("{FAE04EC0-301F-11D3-BF4B-00C04F79EFBC}") = "Amba.ModelWebApp", "Amba.ModelWebApp\Amba.ModelWebApp.csproj", "{5D44EA28-E80A-43E1-B1F3-85469D866280}"
EndProject
Project("{E53339B2-1760-4266-BCC7-CA923CBCF16C}") = "docker-compose", "docker-compose.dcproj", "{D1FD38F8-47C6-4A70-BA45-525A5E2D0E84}"
EndProject
Global
	GlobalSection(SolutionConfigurationPlatforms) = preSolution
		Debug|Any CPU = Debug|Any CPU
		Release|Any CPU = Release|Any CPU
	EndGlobalSection
	GlobalSection(ProjectConfigurationPlatforms) = postSolution
		{5D44EA28-E80A-43E1-B1F3-85469D866280}.Debug|Any CPU.ActiveCfg = Debug|Any CPU
		{5D44EA28-E80A-43E1-B1F3-85469D866280}.Debug|Any CPU.Build.0 = Debug|Any CPU
		{5D44EA28-E80A-43E1-B1F3-85469D866280}.Release|Any CPU.ActiveCfg = Release|Any CPU
		{5D44EA28-E80A-43E1-B1F3-85469D866280}.Release|Any CPU.Build.0 = Release|Any CPU
		{D1FD38F8-47C6-4A70-BA45-525A5E2D0E84}.Debug|Any CPU.ActiveCfg = Debug|Any CPU
		{D1FD38F8-47C6-4A70-BA45-525A5E2D0E84}.Debug|Any CPU.Build.0 = Debug|Any CPU
		{D1FD38F8-47C6-4A70-BA45-525A5E2D0E84}.Release|Any CPU.ActiveCfg = Release|Any CPU
		{D1FD38F8-47C6-4A70-BA45-525A5E2D0E84}.Release|Any CPU.Build.0 = Release|Any CPU
	EndGlobalSection
	GlobalSection(SolutionProperties) = preSolution
		HideSolutionNode = FALSE
	EndGlobalSection
	GlobalSection(ExtensibilityGlobals) = postSolution
		SolutionGuid = {CC3CE0C0-0530-48BA-B960-C28679880042}
	EndGlobalSection
EndGlobal
